
Microsoft Visual Studio Solution File, Format Version 12.00
# Visual Studio Version 17
VisualStudioVersion = 17.6.33723.286
MinimumVisualStudioVersion = 10.0.40219.1
Project("{FAE04EC0-301F-11D3-BF4B-00C04F79EFBC}") = "6_13", "6_13.csproj", "{44636851-CD3A-41C7-8AB7-C1376509D004}"
EndProject
Global
	GlobalSection(SolutionConfigurationPlatforms) = preSolution
		Debug|Any CPU = Debug|Any CPU
		Release|Any CPU = Release|Any CPU
	EndGlobalSection
	GlobalSection(ProjectConfigurationPlatforms) = postSolution
		{44636851-CD3A-41C7-8AB7-C1376509D004}.Debug|Any CPU.ActiveCfg = Debug|Any CPU
		{44636851-CD3A-41C7-8AB7-C1376509D004}.Debug|Any CPU.Build.0 = Debug|Any CPU
		{44636851-CD3A-41C7-8AB7-C1376509D004}.Release|Any CPU.ActiveCfg = Release|Any CPU
		{44636851-CD3A-41C7-8AB7-C1376509D004}.Release|Any CPU.Build.0 = Release|Any CPU
	EndGlobalSection
	GlobalSection(SolutionProperties) = preSolution
		HideSolutionNode = FALSE
	EndGlobalSection
	GlobalSection(ExtensibilityGlobals) = postSolution
		SolutionGuid = {5EAD1341-F2E0-4B52-BCF9-DCC8F2858DB7}
	EndGlobalSection
EndGlobal
