
Microsoft Visual Studio Solution File, Format Version 12.00
# Visual Studio Version 17
VisualStudioVersion = 17.6.33723.286
MinimumVisualStudioVersion = 10.0.40219.1
Project("{FAE04EC0-301F-11D3-BF4B-00C04F79EFBC}") = "6_21_1", "6_21_1.csproj", "{6AD65393-22C8-4F53-B16F-5AE9C6D3A139}"
EndProject
Global
	GlobalSection(SolutionConfigurationPlatforms) = preSolution
		Debug|Any CPU = Debug|Any CPU
		Release|Any CPU = Release|Any CPU
	EndGlobalSection
	GlobalSection(ProjectConfigurationPlatforms) = postSolution
		{6AD65393-22C8-4F53-B16F-5AE9C6D3A139}.Debug|Any CPU.ActiveCfg = Debug|Any CPU
		{6AD65393-22C8-4F53-B16F-5AE9C6D3A139}.Debug|Any CPU.Build.0 = Debug|Any CPU
		{6AD65393-22C8-4F53-B16F-5AE9C6D3A139}.Release|Any CPU.ActiveCfg = Release|Any CPU
		{6AD65393-22C8-4F53-B16F-5AE9C6D3A139}.Release|Any CPU.Build.0 = Release|Any CPU
	EndGlobalSection
	GlobalSection(SolutionProperties) = preSolution
		HideSolutionNode = FALSE
	EndGlobalSection
	GlobalSection(ExtensibilityGlobals) = postSolution
		SolutionGuid = {A3FE58B8-86C9-41C4-8B39-6FC9D559A268}
	EndGlobalSection
EndGlobal
