
Microsoft Visual Studio Solution File, Format Version 12.00
# Visual Studio Version 17
VisualStudioVersion = 17.6.33723.286
MinimumVisualStudioVersion = 10.0.40219.1
Project("{FAE04EC0-301F-11D3-BF4B-00C04F79EFBC}") = "6_15", "6_15.csproj", "{4C5E7A89-2804-4187-8438-FAA92C52FE3B}"
EndProject
Global
	GlobalSection(SolutionConfigurationPlatforms) = preSolution
		Debug|Any CPU = Debug|Any CPU
		Release|Any CPU = Release|Any CPU
	EndGlobalSection
	GlobalSection(ProjectConfigurationPlatforms) = postSolution
		{4C5E7A89-2804-4187-8438-FAA92C52FE3B}.Debug|Any CPU.ActiveCfg = Debug|Any CPU
		{4C5E7A89-2804-4187-8438-FAA92C52FE3B}.Debug|Any CPU.Build.0 = Debug|Any CPU
		{4C5E7A89-2804-4187-8438-FAA92C52FE3B}.Release|Any CPU.ActiveCfg = Release|Any CPU
		{4C5E7A89-2804-4187-8438-FAA92C52FE3B}.Release|Any CPU.Build.0 = Release|Any CPU
	EndGlobalSection
	GlobalSection(SolutionProperties) = preSolution
		HideSolutionNode = FALSE
	EndGlobalSection
	GlobalSection(ExtensibilityGlobals) = postSolution
		SolutionGuid = {6B54538F-4B0B-4C89-BA6B-4846C626E4F5}
	EndGlobalSection
EndGlobal
