
Microsoft Visual Studio Solution File, Format Version 12.00
# Visual Studio Version 17
VisualStudioVersion = 17.6.33723.286
MinimumVisualStudioVersion = 10.0.40219.1
Project("{FAE04EC0-301F-11D3-BF4B-00C04F79EFBC}") = "Portal", "Portal.csproj", "{4E8DD9DC-4F7D-47D9-A154-00049C4EF583}"
EndProject
Global
	GlobalSection(SolutionConfigurationPlatforms) = preSolution
		Debug|Any CPU = Debug|Any CPU
		Release|Any CPU = Release|Any CPU
	EndGlobalSection
	GlobalSection(ProjectConfigurationPlatforms) = postSolution
		{4E8DD9DC-4F7D-47D9-A154-00049C4EF583}.Debug|Any CPU.ActiveCfg = Debug|Any CPU
		{4E8DD9DC-4F7D-47D9-A154-00049C4EF583}.Debug|Any CPU.Build.0 = Debug|Any CPU
		{4E8DD9DC-4F7D-47D9-A154-00049C4EF583}.Release|Any CPU.ActiveCfg = Release|Any CPU
		{4E8DD9DC-4F7D-47D9-A154-00049C4EF583}.Release|Any CPU.Build.0 = Release|Any CPU
	EndGlobalSection
	GlobalSection(SolutionProperties) = preSolution
		HideSolutionNode = FALSE
	EndGlobalSection
	GlobalSection(ExtensibilityGlobals) = postSolution
		SolutionGuid = {8C18C733-7C01-400B-9A8D-AE6EFD6E5733}
	EndGlobalSection
EndGlobal
