
Microsoft Visual Studio Solution File, Format Version 12.00
# Visual Studio Version 17
VisualStudioVersion = 17.6.33723.286
MinimumVisualStudioVersion = 10.0.40219.1
Project("{FAE04EC0-301F-11D3-BF4B-00C04F79EFBC}") = "minipokemon", "minipokemon.csproj", "{14AF64B7-E712-4E20-B021-C5D0DF12FB09}"
EndProject
Global
	GlobalSection(SolutionConfigurationPlatforms) = preSolution
		Debug|Any CPU = Debug|Any CPU
		Release|Any CPU = Release|Any CPU
	EndGlobalSection
	GlobalSection(ProjectConfigurationPlatforms) = postSolution
		{14AF64B7-E712-4E20-B021-C5D0DF12FB09}.Debug|Any CPU.ActiveCfg = Debug|Any CPU
		{14AF64B7-E712-4E20-B021-C5D0DF12FB09}.Debug|Any CPU.Build.0 = Debug|Any CPU
		{14AF64B7-E712-4E20-B021-C5D0DF12FB09}.Release|Any CPU.ActiveCfg = Release|Any CPU
		{14AF64B7-E712-4E20-B021-C5D0DF12FB09}.Release|Any CPU.Build.0 = Release|Any CPU
	EndGlobalSection
	GlobalSection(SolutionProperties) = preSolution
		HideSolutionNode = FALSE
	EndGlobalSection
	GlobalSection(ExtensibilityGlobals) = postSolution
		SolutionGuid = {8773ACD8-2260-49CE-8717-EC89A5C0C1F1}
	EndGlobalSection
EndGlobal
