
Microsoft Visual Studio Solution File, Format Version 12.00
# Visual Studio Version 17
VisualStudioVersion = 17.6.33723.286
MinimumVisualStudioVersion = 10.0.40219.1
Project("{FAE04EC0-301F-11D3-BF4B-00C04F79EFBC}") = "ttt", "ttt.csproj", "{7E221AE2-BA1E-4F77-931F-46055A09540E}"
EndProject
Global
	GlobalSection(SolutionConfigurationPlatforms) = preSolution
		Debug|Any CPU = Debug|Any CPU
		Release|Any CPU = Release|Any CPU
	EndGlobalSection
	GlobalSection(ProjectConfigurationPlatforms) = postSolution
		{7E221AE2-BA1E-4F77-931F-46055A09540E}.Debug|Any CPU.ActiveCfg = Debug|Any CPU
		{7E221AE2-BA1E-4F77-931F-46055A09540E}.Debug|Any CPU.Build.0 = Debug|Any CPU
		{7E221AE2-BA1E-4F77-931F-46055A09540E}.Release|Any CPU.ActiveCfg = Release|Any CPU
		{7E221AE2-BA1E-4F77-931F-46055A09540E}.Release|Any CPU.Build.0 = Release|Any CPU
	EndGlobalSection
	GlobalSection(SolutionProperties) = preSolution
		HideSolutionNode = FALSE
	EndGlobalSection
	GlobalSection(ExtensibilityGlobals) = postSolution
		SolutionGuid = {04F7CE93-8D49-4A25-BBC9-BB12C46435C5}
	EndGlobalSection
EndGlobal
